{
  "version": "4",
  "specifiers": {
    "npm:domelementtype@^2.3.0": "2.3.0",
    "npm:domhandler@^5.0.3": "5.0.3",
    "npm:domutils@^3.1.0": "3.1.0",
    "npm:entities@5": "5.0.0"
  },
  "npm": {
    "dom-serializer@2.0.0": {
      "integrity": "sha512-wIkAryiqt/nV5EQKqQpo3SToSOV9J0DnbJqwK7Wv/Trc92zIAYZ4FlMu+JPFW1DfGFt81ZTCGgDEabffXeLyJg==",
      "dependencies": [
        "domelementtype",
        "domhandler",
        "entities@4.5.0"
      ]
    },
    "domelementtype@2.3.0": {
      "integrity": "sha512-OLETBj6w0OsagBwdXnPdN0cnMfF9opN69co+7ZrbfPGrdpPVNBUj02spi6B1N7wChLQiPn4CSH/zJvXw56gmHw=="
    },
    "domhandler@5.0.3": {
      "integrity": "sha512-cgwlv/1iFQiFnU96XXgROh8xTeetsnJiDsTc7TYCLFd9+/WNkIqPTxiM/8pSd8VIrhXGTf1Ny1q1hquVqDJB5w==",
      "dependencies": [
        "domelementtype"
      ]
    },
    "domutils@3.1.0": {
      "integrity": "sha512-H78uMmQtI2AhgDJjWeQmHwJJ2bLPD3GMmO7Zja/ZZh84wkm+4ut+IUnUdRa8uCGX88DiVx1j6FRe1XfxEgjEZA==",
      "dependencies": [
        "dom-serializer",
        "domelementtype",
        "domhandler"
      ]
    },
    "entities@4.5.0": {
      "integrity": "sha512-V0hjH4dGPh9Ao5p0MoRY6BVqtwCjhz6vI5LT8AJ55H+4g9/4vbHx1I54fS0XuclLhDHArPQCiMjDxjaL8fPxhw=="
    },
    "entities@5.0.0": {
      "integrity": "sha512-BeJFvFRJddxobhvEdm5GqHzRV/X+ACeuw0/BuuxsCh1EUZcAIz8+kYmBp/LrQuloy6K1f3a0M7+IhmZ7QnkISA=="
    }
  },
  "workspace": {
    "dependencies": [
      "npm:domelementtype@^2.3.0",
      "npm:domhandler@^5.0.3",
      "npm:domutils@^3.1.0",
      "npm:entities@5"
    ]
  }
}
